
Microsoft Visual Studio Solution File, Format Version 12.00
# Visual Studio Version 17
VisualStudioVersion = 17.10.34928.147
MinimumVisualStudioVersion = 10.0.40219.1
Project("{888888A0-9F3D-457C-B088-3A5042F75D52}") = "comparer", "comparer.pyproj", "{52A37932-3D2C-4093-BB97-34DBFDF0EC5A}"
EndProject
Global
	GlobalSection(SolutionConfigurationPlatforms) = preSolution
		Debug|Any CPU = Debug|Any CPU
		Release|Any CPU = Release|Any CPU
	EndGlobalSection
	GlobalSection(ProjectConfigurationPlatforms) = postSolution
		{52A37932-3D2C-4093-BB97-34DBFDF0EC5A}.Debug|Any CPU.ActiveCfg = Debug|Any CPU
		{52A37932-3D2C-4093-BB97-34DBFDF0EC5A}.Release|Any CPU.ActiveCfg = Release|Any CPU
	EndGlobalSection
	GlobalSection(SolutionProperties) = preSolution
		HideSolutionNode = FALSE
	EndGlobalSection
	GlobalSection(ExtensibilityGlobals) = postSolution
		SolutionGuid = {5A41B492-00F6-43E6-9C46-42FD5503C691}
	EndGlobalSection
EndGlobal
